
Microsoft Visual Studio Solution File, Format Version 12.00
Project("{2150E333-8FDC-42A3-9474-1A3956D46DE8}") = "Doc", "Doc", "{55B212CC-CE7C-49D1-9F03-D266BDFF82FD}"
EndProject
Project("{2150E333-8FDC-42A3-9474-1A3956D46DE8}") = "Src", "Src", "{E92AA599-3F61-4262-A233-419983B50F2B}"
EndProject
Project("{2150E333-8FDC-42A3-9474-1A3956D46DE8}") = "Test", "Test", "{6FEE68AA-962D-4EE5-97F8-246C1192A115}"
EndProject
Project("{2150E333-8FDC-42A3-9474-1A3956D46DE8}") = "Common", "Common", "{3BB8FA0A-AC6C-4F52-8E22-F21FE69013A5}"
EndProject
Project("{2150E333-8FDC-42A3-9474-1A3956D46DE8}") = "Core", "Core", "{47C47AA2-DE66-4F4A-B499-AFC1C58DD55C}"
EndProject
Project("{2150E333-8FDC-42A3-9474-1A3956D46DE8}") = "Infrastructure", "Infrastructure", "{341B8A39-28E0-4EC1-BD48-E233CCC0079F}"
EndProject
Project("{2150E333-8FDC-42A3-9474-1A3956D46DE8}") = "Peresentation", "Peresentation", "{05355171-B81B-4F74-9159-26638A397603}"
EndProject
Project("{FAE04EC0-301F-11D3-BF4B-00C04F79EFBC}") = "Shop.Common", "Shop.Common\Shop.Common.csproj", "{014A517E-B90A-4A51-AC08-C9B023C6E252}"
EndProject
Project("{FAE04EC0-301F-11D3-BF4B-00C04F79EFBC}") = "Shop.Domain", "Shop.Domain\Shop.Domain.csproj", "{67AA102A-0001-449C-AC12-6230F926A596}"
EndProject
Project("{FAE04EC0-301F-11D3-BF4B-00C04F79EFBC}") = "Shop.Application", "Shop.Application\Shop.Application.csproj", "{36040E04-7809-41B7-92F5-2221A6EBEF24}"
EndProject
Project("{FAE04EC0-301F-11D3-BF4B-00C04F79EFBC}") = "Shop.Infrastructure", "Shop.Infrastructure\Shop.Infrastructure.csproj", "{DA87AA08-06EF-42DD-86BC-602D6FD9422D}"
EndProject
Project("{FAE04EC0-301F-11D3-BF4B-00C04F79EFBC}") = "Shop.Persistence", "Shop.Persistence\Shop.Persistence.csproj", "{F3901ED0-8EB6-44BE-BECB-ADB350CD73F3}"
EndProject
Project("{FAE04EC0-301F-11D3-BF4B-00C04F79EFBC}") = "EndPoint.Site", "EndPoint.Site\EndPoint.Site.csproj", "{16F6DCFF-1787-46DB-9BA7-EC27D6C79547}"
EndProject
Project("{2150E333-8FDC-42A3-9474-1A3956D46DE8}") = "Client", "Client", "{5F2B71DE-B74E-45EF-B81D-4276C2055BD7}"
EndProject
Project("{FAE04EC0-301F-11D3-BF4B-00C04F79EFBC}") = "Client.Shop", "Client.Shop\Client.Shop.csproj", "{458DF7E4-C197-4081-A00F-747A359CC802}"
EndProject
Global
	GlobalSection(SolutionConfigurationPlatforms) = preSolution
		Debug|Any CPU = Debug|Any CPU
		Release|Any CPU = Release|Any CPU
	EndGlobalSection
	GlobalSection(NestedProjects) = preSolution
		{3BB8FA0A-AC6C-4F52-8E22-F21FE69013A5} = {E92AA599-3F61-4262-A233-419983B50F2B}
		{47C47AA2-DE66-4F4A-B499-AFC1C58DD55C} = {E92AA599-3F61-4262-A233-419983B50F2B}
		{341B8A39-28E0-4EC1-BD48-E233CCC0079F} = {E92AA599-3F61-4262-A233-419983B50F2B}
		{05355171-B81B-4F74-9159-26638A397603} = {E92AA599-3F61-4262-A233-419983B50F2B}
		{014A517E-B90A-4A51-AC08-C9B023C6E252} = {3BB8FA0A-AC6C-4F52-8E22-F21FE69013A5}
		{67AA102A-0001-449C-AC12-6230F926A596} = {47C47AA2-DE66-4F4A-B499-AFC1C58DD55C}
		{36040E04-7809-41B7-92F5-2221A6EBEF24} = {47C47AA2-DE66-4F4A-B499-AFC1C58DD55C}
		{DA87AA08-06EF-42DD-86BC-602D6FD9422D} = {341B8A39-28E0-4EC1-BD48-E233CCC0079F}
		{F3901ED0-8EB6-44BE-BECB-ADB350CD73F3} = {341B8A39-28E0-4EC1-BD48-E233CCC0079F}
		{16F6DCFF-1787-46DB-9BA7-EC27D6C79547} = {05355171-B81B-4F74-9159-26638A397603}
		{5F2B71DE-B74E-45EF-B81D-4276C2055BD7} = {E92AA599-3F61-4262-A233-419983B50F2B}
		{458DF7E4-C197-4081-A00F-747A359CC802} = {5F2B71DE-B74E-45EF-B81D-4276C2055BD7}
	EndGlobalSection
	GlobalSection(ProjectConfigurationPlatforms) = postSolution
		{014A517E-B90A-4A51-AC08-C9B023C6E252}.Debug|Any CPU.ActiveCfg = Debug|Any CPU
		{014A517E-B90A-4A51-AC08-C9B023C6E252}.Debug|Any CPU.Build.0 = Debug|Any CPU
		{014A517E-B90A-4A51-AC08-C9B023C6E252}.Release|Any CPU.ActiveCfg = Release|Any CPU
		{014A517E-B90A-4A51-AC08-C9B023C6E252}.Release|Any CPU.Build.0 = Release|Any CPU
		{67AA102A-0001-449C-AC12-6230F926A596}.Debug|Any CPU.ActiveCfg = Debug|Any CPU
		{67AA102A-0001-449C-AC12-6230F926A596}.Debug|Any CPU.Build.0 = Debug|Any CPU
		{67AA102A-0001-449C-AC12-6230F926A596}.Release|Any CPU.ActiveCfg = Release|Any CPU
		{67AA102A-0001-449C-AC12-6230F926A596}.Release|Any CPU.Build.0 = Release|Any CPU
		{36040E04-7809-41B7-92F5-2221A6EBEF24}.Debug|Any CPU.ActiveCfg = Debug|Any CPU
		{36040E04-7809-41B7-92F5-2221A6EBEF24}.Debug|Any CPU.Build.0 = Debug|Any CPU
		{36040E04-7809-41B7-92F5-2221A6EBEF24}.Release|Any CPU.ActiveCfg = Release|Any CPU
		{36040E04-7809-41B7-92F5-2221A6EBEF24}.Release|Any CPU.Build.0 = Release|Any CPU
		{DA87AA08-06EF-42DD-86BC-602D6FD9422D}.Debug|Any CPU.ActiveCfg = Debug|Any CPU
		{DA87AA08-06EF-42DD-86BC-602D6FD9422D}.Debug|Any CPU.Build.0 = Debug|Any CPU
		{DA87AA08-06EF-42DD-86BC-602D6FD9422D}.Release|Any CPU.ActiveCfg = Release|Any CPU
		{DA87AA08-06EF-42DD-86BC-602D6FD9422D}.Release|Any CPU.Build.0 = Release|Any CPU
		{F3901ED0-8EB6-44BE-BECB-ADB350CD73F3}.Debug|Any CPU.ActiveCfg = Debug|Any CPU
		{F3901ED0-8EB6-44BE-BECB-ADB350CD73F3}.Debug|Any CPU.Build.0 = Debug|Any CPU
		{F3901ED0-8EB6-44BE-BECB-ADB350CD73F3}.Release|Any CPU.ActiveCfg = Release|Any CPU
		{F3901ED0-8EB6-44BE-BECB-ADB350CD73F3}.Release|Any CPU.Build.0 = Release|Any CPU
		{16F6DCFF-1787-46DB-9BA7-EC27D6C79547}.Debug|Any CPU.ActiveCfg = Debug|Any CPU
		{16F6DCFF-1787-46DB-9BA7-EC27D6C79547}.Debug|Any CPU.Build.0 = Debug|Any CPU
		{16F6DCFF-1787-46DB-9BA7-EC27D6C79547}.Release|Any CPU.ActiveCfg = Release|Any CPU
		{16F6DCFF-1787-46DB-9BA7-EC27D6C79547}.Release|Any CPU.Build.0 = Release|Any CPU
		{458DF7E4-C197-4081-A00F-747A359CC802}.Debug|Any CPU.ActiveCfg = Debug|Any CPU
		{458DF7E4-C197-4081-A00F-747A359CC802}.Debug|Any CPU.Build.0 = Debug|Any CPU
		{458DF7E4-C197-4081-A00F-747A359CC802}.Release|Any CPU.ActiveCfg = Release|Any CPU
		{458DF7E4-C197-4081-A00F-747A359CC802}.Release|Any CPU.Build.0 = Release|Any CPU
	EndGlobalSection
EndGlobal
